// !$*UTF8*$!
{
	archiveVersion = 1;
	classes = {
	};
	objectVersion = 50;
	objects = {

/* Begin PBXBuildFile section */
		401BA66FFCA12FA43461F46F /* Pods_TapCount.framework in Frameworks */ = {isa = PBXBuildFile; fileRef = D9395668832E612F12B1F90D /* Pods_TapCount.framework */; };
		EA1ECD1A21895444002D9765 /* PopUpEffect.swift in Sources */ = {isa = PBXBuildFile; fileRef = EA1ECD1921895444002D9765 /* PopUpEffect.swift */; };
		EA1ECD1C2189550D002D9765 /* ColorSelectionViewController.swift in Sources */ = {isa = PBXBuildFile; fileRef = EA1ECD1B2189550D002D9765 /* ColorSelectionViewController.swift */; };
		EA2BEFDF218B737E0030ACDF /* CountBtn_Default.wav in Resources */ = {isa = PBXBuildFile; fileRef = EA2BEFDE218B737E0030ACDF /* CountBtn_Default.wav */; };
		EA2BEFE1218B795C0030ACDF /* 108336__qat__click-01-fast.wav in Resources */ = {isa = PBXBuildFile; fileRef = EA2BEFE0218B795C0030ACDF /* 108336__qat__click-01-fast.wav */; };
		EA2F70892173985400F06966 /* HistoryViewController.swift in Sources */ = {isa = PBXBuildFile; fileRef = EA2F70882173985400F06966 /* HistoryViewController.swift */; };
		EA2F708D2173993200F06966 /* History.xcdatamodeld in Sources */ = {isa = PBXBuildFile; fileRef = EA2F708B2173993200F06966 /* History.xcdatamodeld */; };
		EA2F708F21739CFF00F06966 /* HistoryTableViewCell.swift in Sources */ = {isa = PBXBuildFile; fileRef = EA2F708E21739CFF00F06966 /* HistoryTableViewCell.swift */; };
		EA3107F621706C8B003823AE /* AppDelegate.swift in Sources */ = {isa = PBXBuildFile; fileRef = EA3107F521706C8B003823AE /* AppDelegate.swift */; };
		EA3107F821706C8B003823AE /* ViewController.swift in Sources */ = {isa = PBXBuildFile; fileRef = EA3107F721706C8B003823AE /* ViewController.swift */; };
		EA3107FB21706C8B003823AE /* Main.storyboard in Resources */ = {isa = PBXBuildFile; fileRef = EA3107F921706C8B003823AE /* Main.storyboard */; };
		EA3107FD21706C8E003823AE /* Assets.xcassets in Resources */ = {isa = PBXBuildFile; fileRef = EA3107FC21706C8E003823AE /* Assets.xcassets */; };
		EA31080021706C8E003823AE /* LaunchScreen.storyboard in Resources */ = {isa = PBXBuildFile; fileRef = EA3107FE21706C8E003823AE /* LaunchScreen.storyboard */; };
		EA3888E121776CEC004E3EA5 /* InfoPlist.strings in Resources */ = {isa = PBXBuildFile; fileRef = EA3888E321776CEC004E3EA5 /* InfoPlist.strings */; };
		EA3888E921778ED8004E3EA5 /* Localizable.strings in Resources */ = {isa = PBXBuildFile; fileRef = EA3888EB21778ED8004E3EA5 /* Localizable.strings */; };
		EA3D4351217B885500753BEA /* UniversalVar.swift in Sources */ = {isa = PBXBuildFile; fileRef = EA3D4350217B885500753BEA /* UniversalVar.swift */; };
		EA3D4353217BA3A400753BEA /* VKExpandableButton.swift in Sources */ = {isa = PBXBuildFile; fileRef = EA3D4352217BA3A400753BEA /* VKExpandableButton.swift */; };
		EA4DAC2321849609007E1632 /* SettingsTableViewController.swift in Sources */ = {isa = PBXBuildFile; fileRef = EA4DAC2221849609007E1632 /* SettingsTableViewController.swift */; };
		EA4DAC25218499A8007E1632 /* Color.swift in Sources */ = {isa = PBXBuildFile; fileRef = EA4DAC24218499A8007E1632 /* Color.swift */; };
		EA7AF2BC218A03C900D62CAB /* ColorSelectionCollectionViewCell.swift in Sources */ = {isa = PBXBuildFile; fileRef = EA7AF2BB218A03C900D62CAB /* ColorSelectionCollectionViewCell.swift */; };
		EA7AF2C1218A04FB00D62CAB /* Orange.png in Resources */ = {isa = PBXBuildFile; fileRef = EA7AF2BE218A04FB00D62CAB /* Orange.png */; };
		EA7AF2C2218A04FB00D62CAB /* Red.png in Resources */ = {isa = PBXBuildFile; fileRef = EA7AF2BF218A04FB00D62CAB /* Red.png */; };
		EA7AF2C3218A04FB00D62CAB /* Navi.png in Resources */ = {isa = PBXBuildFile; fileRef = EA7AF2C0218A04FB00D62CAB /* Navi.png */; };
		EAD247F1217B3BBC008DD72D /* SettingsViewController.swift in Sources */ = {isa = PBXBuildFile; fileRef = EAD247F0217B3BBC008DD72D /* SettingsViewController.swift */; };
/* End PBXBuildFile section */

/* Begin PBXFileReference section */
		3B8ED2D3926A9BD49F20DE0F /* Pods-TapCount.release.xcconfig */ = {isa = PBXFileReference; includeInIndex = 1; lastKnownFileType = text.xcconfig; name = "Pods-TapCount.release.xcconfig"; path = "Pods/Target Support Files/Pods-TapCount/Pods-TapCount.release.xcconfig"; sourceTree = "<group>"; };
		D9395668832E612F12B1F90D /* Pods_TapCount.framework */ = {isa = PBXFileReference; explicitFileType = wrapper.framework; includeInIndex = 0; path = Pods_TapCount.framework; sourceTree = BUILT_PRODUCTS_DIR; };
		EA1ECD1921895444002D9765 /* PopUpEffect.swift */ = {isa = PBXFileReference; lastKnownFileType = sourcecode.swift; path = PopUpEffect.swift; sourceTree = "<group>"; };
		EA1ECD1B2189550D002D9765 /* ColorSelectionViewController.swift */ = {isa = PBXFileReference; lastKnownFileType = sourcecode.swift; path = ColorSelectionViewController.swift; sourceTree = "<group>"; };
		EA2BEFDE218B737E0030ACDF /* CountBtn_Default.wav */ = {isa = PBXFileReference; lastKnownFileType = audio.wav; name = CountBtn_Default.wav; path = "App Resources/SoundEffects/Default1/CountBtn_Default.wav"; sourceTree = SOURCE_ROOT; };
		EA2BEFE0218B795C0030ACDF /* 108336__qat__click-01-fast.wav */ = {isa = PBXFileReference; lastKnownFileType = audio.wav; name = "108336__qat__click-01-fast.wav"; path = "App Resources/SoundEffects/Taptic/108336__qat__click-01-fast.wav"; sourceTree = SOURCE_ROOT; };
		EA2F70882173985400F06966 /* HistoryViewController.swift */ = {isa = PBXFileReference; lastKnownFileType = sourcecode.swift; path = HistoryViewController.swift; sourceTree = "<group>"; };
		EA2F708C2173993200F06966 /* History.xcdatamodel */ = {isa = PBXFileReference; lastKnownFileType = wrapper.xcdatamodel; path = History.xcdatamodel; sourceTree = "<group>"; };
		EA2F708E21739CFF00F06966 /* HistoryTableViewCell.swift */ = {isa = PBXFileReference; lastKnownFileType = sourcecode.swift; path = HistoryTableViewCell.swift; sourceTree = "<group>"; };
		EA3107F221706C8B003823AE /* TapCount.app */ = {isa = PBXFileReference; explicitFileType = wrapper.application; includeInIndex = 0; path = TapCount.app; sourceTree = BUILT_PRODUCTS_DIR; };
		EA3107F521706C8B003823AE /* AppDelegate.swift */ = {isa = PBXFileReference; lastKnownFileType = sourcecode.swift; path = AppDelegate.swift; sourceTree = "<group>"; };
		EA3107F721706C8B003823AE /* ViewController.swift */ = {isa = PBXFileReference; lastKnownFileType = sourcecode.swift; path = ViewController.swift; sourceTree = "<group>"; };
		EA3107FA21706C8B003823AE /* Base */ = {isa = PBXFileReference; lastKnownFileType = file.storyboard; name = Base; path = Base.lproj/Main.storyboard; sourceTree = "<group>"; };
		EA3107FC21706C8E003823AE /* Assets.xcassets */ = {isa = PBXFileReference; lastKnownFileType = folder.assetcatalog; path = Assets.xcassets; sourceTree = "<group>"; };
		EA3107FF21706C8E003823AE /* Base */ = {isa = PBXFileReference; lastKnownFileType = file.storyboard; name = Base; path = Base.lproj/LaunchScreen.storyboard; sourceTree = "<group>"; };
		EA31080121706C8E003823AE /* Info.plist */ = {isa = PBXFileReference; lastKnownFileType = text.plist.xml; path = Info.plist; sourceTree = "<group>"; };
		EA3888DE21776C8A004E3EA5 /* zh-Hans */ = {isa = PBXFileReference; lastKnownFileType = text.plist.strings; name = "zh-Hans"; path = "zh-Hans.lproj/LaunchScreen.strings"; sourceTree = "<group>"; };
		EA3888E221776CEC004E3EA5 /* zh-Hans */ = {isa = PBXFileReference; lastKnownFileType = text.plist.strings; name = "zh-Hans"; path = "zh-Hans.lproj/InfoPlist.strings"; sourceTree = "<group>"; };
		EA3888E521776D67004E3EA5 /* en */ = {isa = PBXFileReference; lastKnownFileType = text.plist.strings; name = en; path = en.lproj/Main.strings; sourceTree = "<group>"; };
		EA3888EA21778ED8004E3EA5 /* zh-Hans */ = {isa = PBXFileReference; lastKnownFileType = text.plist.strings; name = "zh-Hans"; path = "zh-Hans.lproj/Localizable.strings"; sourceTree = "<group>"; };
		EA3D4350217B885500753BEA /* UniversalVar.swift */ = {isa = PBXFileReference; lastKnownFileType = sourcecode.swift; name = UniversalVar.swift; path = TapCount/UniversalVar.swift; sourceTree = SOURCE_ROOT; };
		EA3D4352217BA3A400753BEA /* VKExpandableButton.swift */ = {isa = PBXFileReference; fileEncoding = 4; lastKnownFileType = sourcecode.swift; path = VKExpandableButton.swift; sourceTree = "<group>"; };
		EA3D4356217CB19800753BEA /* zh-Hans */ = {isa = PBXFileReference; lastKnownFileType = text.plist.strings; name = "zh-Hans"; path = "zh-Hans.lproj/Main.strings"; sourceTree = "<group>"; };
		EA4DAC2221849609007E1632 /* SettingsTableViewController.swift */ = {isa = PBXFileReference; lastKnownFileType = sourcecode.swift; path = SettingsTableViewController.swift; sourceTree = "<group>"; };
		EA4DAC24218499A8007E1632 /* Color.swift */ = {isa = PBXFileReference; lastKnownFileType = sourcecode.swift; path = Color.swift; sourceTree = "<group>"; };
		EA5C5B642177A6A600383501 /* en */ = {isa = PBXFileReference; lastKnownFileType = text.plist.strings; name = en; path = en.lproj/InfoPlist.strings; sourceTree = "<group>"; };
		EA7AF2BB218A03C900D62CAB /* ColorSelectionCollectionViewCell.swift */ = {isa = PBXFileReference; lastKnownFileType = sourcecode.swift; path = ColorSelectionCollectionViewCell.swift; sourceTree = "<group>"; };
		EA7AF2BE218A04FB00D62CAB /* Orange.png */ = {isa = PBXFileReference; lastKnownFileType = image.png; path = Orange.png; sourceTree = "<group>"; };
		EA7AF2BF218A04FB00D62CAB /* Red.png */ = {isa = PBXFileReference; lastKnownFileType = image.png; path = Red.png; sourceTree = "<group>"; };
		EA7AF2C0218A04FB00D62CAB /* Navi.png */ = {isa = PBXFileReference; lastKnownFileType = image.png; path = Navi.png; sourceTree = "<group>"; };
		EAD247F0217B3BBC008DD72D /* SettingsViewController.swift */ = {isa = PBXFileReference; lastKnownFileType = sourcecode.swift; path = SettingsViewController.swift; sourceTree = "<group>"; };
		EEBF9ED38318EA1A08EA5894 /* Pods-TapCount.debug.xcconfig */ = {isa = PBXFileReference; includeInIndex = 1; lastKnownFileType = text.xcconfig; name = "Pods-TapCount.debug.xcconfig"; path = "Pods/Target Support Files/Pods-TapCount/Pods-TapCount.debug.xcconfig"; sourceTree = "<group>"; };
/* End PBXFileReference section */

/* Begin PBXFrameworksBuildPhase section */
		EA3107EF21706C8B003823AE /* Frameworks */ = {
			isa = PBXFrameworksBuildPhase;
			buildActionMask = 2147483647;
			files = (
				401BA66FFCA12FA43461F46F /* Pods_TapCount.framework in Frameworks */,
			);
			runOnlyForDeploymentPostprocessing = 0;
		};
/* End PBXFrameworksBuildPhase section */

/* Begin PBXGroup section */
		0EF4BF448751CCBFAF98E9FF /* Pods */ = {
			isa = PBXGroup;
			children = (
				EEBF9ED38318EA1A08EA5894 /* Pods-TapCount.debug.xcconfig */,
				3B8ED2D3926A9BD49F20DE0F /* Pods-TapCount.release.xcconfig */,
			);
			name = Pods;
			sourceTree = "<group>";
		};
		EA2BEFDD218B6ED60030ACDF /* SoundAssets */ = {
			isa = PBXGroup;
			children = (
				EA2BEFDE218B737E0030ACDF /* CountBtn_Default.wav */,
				EA2BEFE0218B795C0030ACDF /* 108336__qat__click-01-fast.wav */,
			);
			path = SoundAssets;
			sourceTree = "<group>";
		};
		EA2F708A2173985D00F06966 /* VC */ = {
			isa = PBXGroup;
			children = (
				EA3107F721706C8B003823AE /* ViewController.swift */,
				EA2F70882173985400F06966 /* HistoryViewController.swift */,
				EA2F708E21739CFF00F06966 /* HistoryTableViewCell.swift */,
				EAD247F0217B3BBC008DD72D /* SettingsViewController.swift */,
				EA4DAC2221849609007E1632 /* SettingsTableViewController.swift */,
				EA7AF2BB218A03C900D62CAB /* ColorSelectionCollectionViewCell.swift */,
				EA1ECD1B2189550D002D9765 /* ColorSelectionViewController.swift */,
				EA3D4354217BA3B100753BEA /* Opensource */,
			);
			path = VC;
			sourceTree = "<group>";
		};
		EA3107E921706C8B003823AE = {
			isa = PBXGroup;
			children = (
				EA3107F421706C8B003823AE /* TapCount */,
				EA3107F321706C8B003823AE /* Products */,
				0EF4BF448751CCBFAF98E9FF /* Pods */,
				EB50CCBC1B296405CEF846F2 /* Frameworks */,
			);
			sourceTree = "<group>";
		};
		EA3107F321706C8B003823AE /* Products */ = {
			isa = PBXGroup;
			children = (
				EA3107F221706C8B003823AE /* TapCount.app */,
			);
			name = Products;
			sourceTree = "<group>";
		};
		EA3107F421706C8B003823AE /* TapCount */ = {
			isa = PBXGroup;
			children = (
				EA3107F521706C8B003823AE /* AppDelegate.swift */,
				EA3D4350217B885500753BEA /* UniversalVar.swift */,
				EA4DAC24218499A8007E1632 /* Color.swift */,
				EA7AF2BD218A04FB00D62CAB /* ThemeColorPads */,
				EA2F708A2173985D00F06966 /* VC */,
				EA3107F921706C8B003823AE /* Main.storyboard */,
				EA2F708B2173993200F06966 /* History.xcdatamodeld */,
				EA3107FC21706C8E003823AE /* Assets.xcassets */,
				EA2BEFDD218B6ED60030ACDF /* SoundAssets */,
				EA3107FE21706C8E003823AE /* LaunchScreen.storyboard */,
				EA31080121706C8E003823AE /* Info.plist */,
				EA3888E321776CEC004E3EA5 /* InfoPlist.strings */,
				EA3888EB21778ED8004E3EA5 /* Localizable.strings */,
			);
			path = TapCount;
			sourceTree = "<group>";
		};
		EA3D4354217BA3B100753BEA /* Opensource */ = {
			isa = PBXGroup;
			children = (
				EA1ECD1921895444002D9765 /* PopUpEffect.swift */,
				EA3D4352217BA3A400753BEA /* VKExpandableButton.swift */,
			);
			path = Opensource;
			sourceTree = "<group>";
		};
		EA7AF2BD218A04FB00D62CAB /* ThemeColorPads */ = {
			isa = PBXGroup;
			children = (
				EA7AF2BE218A04FB00D62CAB /* Orange.png */,
				EA7AF2BF218A04FB00D62CAB /* Red.png */,
				EA7AF2C0218A04FB00D62CAB /* Navi.png */,
			);
			name = ThemeColorPads;
			path = "App Resources/Design/ThemeColorPads";
			sourceTree = SOURCE_ROOT;
		};
		EB50CCBC1B296405CEF846F2 /* Frameworks */ = {
			isa = PBXGroup;
			children = (
				D9395668832E612F12B1F90D /* Pods_TapCount.framework */,
			);
			name = Frameworks;
			sourceTree = "<group>";
		};
/* End PBXGroup section */

/* Begin PBXNativeTarget section */
		EA3107F121706C8B003823AE /* TapCount */ = {
			isa = PBXNativeTarget;
			buildConfigurationList = EA31080421706C8E003823AE /* Build configuration list for PBXNativeTarget "TapCount" */;
			buildPhases = (
				9315D63FD6A6DD542AD155BF /* [CP] Check Pods Manifest.lock */,
				EA3107EE21706C8B003823AE /* Sources */,
				EA3107EF21706C8B003823AE /* Frameworks */,
				EA3107F021706C8B003823AE /* Resources */,
				613FB7369E09B12687644B4E /* [CP] Embed Pods Frameworks */,
			);
			buildRules = (
			);
			dependencies = (
			);
			name = TapCount;
			productName = TapCount;
			productReference = EA3107F221706C8B003823AE /* TapCount.app */;
			productType = "com.apple.product-type.application";
		};
/* End PBXNativeTarget section */

/* Begin PBXProject section */
		EA3107EA21706C8B003823AE /* Project object */ = {
			isa = PBXProject;
			attributes = {
				LastSwiftUpdateCheck = 1000;
				LastUpgradeCheck = 1000;
				ORGANIZATIONNAME = TonyTang;
				TargetAttributes = {
					EA3107F121706C8B003823AE = {
						CreatedOnToolsVersion = 10.0;
					};
				};
			};
			buildConfigurationList = EA3107ED21706C8B003823AE /* Build configuration list for PBXProject "TapCount" */;
			compatibilityVersion = "Xcode 9.3";
			developmentRegion = en;
			hasScannedForEncodings = 0;
			knownRegions = (
				en,
				Base,
			);
			mainGroup = EA3107E921706C8B003823AE;
			productRefGroup = EA3107F321706C8B003823AE /* Products */;
			projectDirPath = "";
			projectRoot = "";
			targets = (
				EA3107F121706C8B003823AE /* TapCount */,
			);
		};
/* End PBXProject section */

/* Begin PBXResourcesBuildPhase section */
		EA3107F021706C8B003823AE /* Resources */ = {
			isa = PBXResourcesBuildPhase;
			buildActionMask = 2147483647;
			files = (
				EA31080021706C8E003823AE /* LaunchScreen.storyboard in Resources */,
				EA7AF2C3218A04FB00D62CAB /* Navi.png in Resources */,
				EA3888E121776CEC004E3EA5 /* InfoPlist.strings in Resources */,
				EA2BEFDF218B737E0030ACDF /* CountBtn_Default.wav in Resources */,
				EA3888E921778ED8004E3EA5 /* Localizable.strings in Resources */,
				EA3107FD21706C8E003823AE /* Assets.xcassets in Resources */,
				EA2BEFE1218B795C0030ACDF /* 108336__qat__click-01-fast.wav in Resources */,
				EA3107FB21706C8B003823AE /* Main.storyboard in Resources */,
				EA7AF2C1218A04FB00D62CAB /* Orange.png in Resources */,
				EA7AF2C2218A04FB00D62CAB /* Red.png in Resources */,
			);
			runOnlyForDeploymentPostprocessing = 0;
		};
/* End PBXResourcesBuildPhase section */

/* Begin PBXShellScriptBuildPhase section */
		613FB7369E09B12687644B4E /* [CP] Embed Pods Frameworks */ = {
			isa = PBXShellScriptBuildPhase;
			buildActionMask = 2147483647;
			files = (
			);
			inputPaths = (
				"${SRCROOT}/Pods/Target Support Files/Pods-TapCount/Pods-TapCount-frameworks.sh",
				"${BUILT_PRODUCTS_DIR}/Spring/Spring.framework",
			);
			name = "[CP] Embed Pods Frameworks";
			outputPaths = (
				"${TARGET_BUILD_DIR}/${FRAMEWORKS_FOLDER_PATH}/Spring.framework",
			);
			runOnlyForDeploymentPostprocessing = 0;
			shellPath = /bin/sh;
			shellScript = "\"${SRCROOT}/Pods/Target Support Files/Pods-TapCount/Pods-TapCount-frameworks.sh\"\n";
			showEnvVarsInLog = 0;
		};
		9315D63FD6A6DD542AD155BF /* [CP] Check Pods Manifest.lock */ = {
			isa = PBXShellScriptBuildPhase;
			buildActionMask = 2147483647;
			files = (
			);
			inputPaths = (
				"${PODS_PODFILE_DIR_PATH}/Podfile.lock",
				"${PODS_ROOT}/Manifest.lock",
			);
			name = "[CP] Check Pods Manifest.lock";
			outputPaths = (
				"$(DERIVED_FILE_DIR)/Pods-TapCount-checkManifestLockResult.txt",
			);
			runOnlyForDeploymentPostprocessing = 0;
			shellPath = /bin/sh;
			shellScript = "diff \"${PODS_PODFILE_DIR_PATH}/Podfile.lock\" \"${PODS_ROOT}/Manifest.lock\" > /dev/null\nif [ $? != 0 ] ; then\n    # print error to STDERR\n    echo \"error: The sandbox is not in sync with the Podfile.lock. Run 'pod install' or update your CocoaPods installation.\" >&2\n    exit 1\nfi\n# This output is used by Xcode 'outputs' to avoid re-running this script phase.\necho \"SUCCESS\" > \"${SCRIPT_OUTPUT_FILE_0}\"\n";
			showEnvVarsInLog = 0;
		};
/* End PBXShellScriptBuildPhase section */

/* Begin PBXSourcesBuildPhase section */
		EA3107EE21706C8B003823AE /* Sources */ = {
			isa = PBXSourcesBuildPhase;
			buildActionMask = 2147483647;
			files = (
				EA7AF2BC218A03C900D62CAB /* ColorSelectionCollectionViewCell.swift in Sources */,
				EA2F70892173985400F06966 /* HistoryViewController.swift in Sources */,
				EA1ECD1A21895444002D9765 /* PopUpEffect.swift in Sources */,
				EA3107F821706C8B003823AE /* ViewController.swift in Sources */,
				EA3D4351217B885500753BEA /* UniversalVar.swift in Sources */,
				EA4DAC25218499A8007E1632 /* Color.swift in Sources */,
				EA1ECD1C2189550D002D9765 /* ColorSelectionViewController.swift in Sources */,
				EA2F708D2173993200F06966 /* History.xcdatamodeld in Sources */,
				EA3D4353217BA3A400753BEA /* VKExpandableButton.swift in Sources */,
				EA3107F621706C8B003823AE /* AppDelegate.swift in Sources */,
				EA2F708F21739CFF00F06966 /* HistoryTableViewCell.swift in Sources */,
				EAD247F1217B3BBC008DD72D /* SettingsViewController.swift in Sources */,
				EA4DAC2321849609007E1632 /* SettingsTableViewController.swift in Sources */,
			);
			runOnlyForDeploymentPostprocessing = 0;
		};
/* End PBXSourcesBuildPhase section */

/* Begin PBXVariantGroup section */
		EA3107F921706C8B003823AE /* Main.storyboard */ = {
			isa = PBXVariantGroup;
			children = (
				EA3107FA21706C8B003823AE /* Base */,
				EA3888E521776D67004E3EA5 /* en */,
				EA3D4356217CB19800753BEA /* zh-Hans */,
			);
			name = Main.storyboard;
			sourceTree = "<group>";
		};
		EA3107FE21706C8E003823AE /* LaunchScreen.storyboard */ = {
			isa = PBXVariantGroup;
			children = (
				EA3107FF21706C8E003823AE /* Base */,
				EA3888DE21776C8A004E3EA5 /* zh-Hans */,
			);
			name = LaunchScreen.storyboard;
			sourceTree = "<group>";
		};
		EA3888E321776CEC004E3EA5 /* InfoPlist.strings */ = {
			isa = PBXVariantGroup;
			children = (
				EA3888E221776CEC004E3EA5 /* zh-Hans */,
				EA5C5B642177A6A600383501 /* en */,
			);
			name = InfoPlist.strings;
			sourceTree = "<group>";
		};
		EA3888EB21778ED8004E3EA5 /* Localizable.strings */ = {
			isa = PBXVariantGroup;
			children = (
				EA3888EA21778ED8004E3EA5 /* zh-Hans */,
			);
			name = Localizable.strings;
			sourceTree = "<group>";
		};
/* End PBXVariantGroup section */

/* Begin XCBuildConfiguration section */
		EA31080221706C8E003823AE /* Debug */ = {
			isa = XCBuildConfiguration;
			buildSettings = {
				ALWAYS_SEARCH_USER_PATHS = NO;
				CLANG_ANALYZER_LOCALIZABILITY_NONLOCALIZED = YES;
				CLANG_ANALYZER_NONNULL = YES;
				CLANG_ANALYZER_NUMBER_OBJECT_CONVERSION = YES_AGGRESSIVE;
				CLANG_CXX_LANGUAGE_STANDARD = "gnu++14";
				CLANG_CXX_LIBRARY = "libc++";
				CLANG_ENABLE_MODULES = YES;
				CLANG_ENABLE_OBJC_ARC = YES;
				CLANG_ENABLE_OBJC_WEAK = YES;
				CLANG_WARN_BLOCK_CAPTURE_AUTORELEASING = YES;
				CLANG_WARN_BOOL_CONVERSION = YES;
				CLANG_WARN_COMMA = YES;
				CLANG_WARN_CONSTANT_CONVERSION = YES;
				CLANG_WARN_DEPRECATED_OBJC_IMPLEMENTATIONS = YES;
				CLANG_WARN_DIRECT_OBJC_ISA_USAGE = YES_ERROR;
				CLANG_WARN_DOCUMENTATION_COMMENTS = YES;
				CLANG_WARN_EMPTY_BODY = YES;
				CLANG_WARN_ENUM_CONVERSION = YES;
				CLANG_WARN_INFINITE_RECURSION = YES;
				CLANG_WARN_INT_CONVERSION = YES;
				CLANG_WARN_NON_LITERAL_NULL_CONVERSION = YES;
				CLANG_WARN_OBJC_IMPLICIT_RETAIN_SELF = YES;
				CLANG_WARN_OBJC_LITERAL_CONVERSION = YES;
				CLANG_WARN_OBJC_ROOT_CLASS = YES_ERROR;
				CLANG_WARN_RANGE_LOOP_ANALYSIS = YES;
				CLANG_WARN_STRICT_PROTOTYPES = YES;
				CLANG_WARN_SUSPICIOUS_MOVE = YES;
				CLANG_WARN_UNGUARDED_AVAILABILITY = YES_AGGRESSIVE;
				CLANG_WARN_UNREACHABLE_CODE = YES;
				CLANG_WARN__DUPLICATE_METHOD_MATCH = YES;
				CODE_SIGN_IDENTITY = "iPhone Developer";
				COPY_PHASE_STRIP = NO;
				DEBUG_INFORMATION_FORMAT = dwarf;
				ENABLE_STRICT_OBJC_MSGSEND = YES;
				ENABLE_TESTABILITY = YES;
				FRAMEWORK_SEARCH_PATHS = "$(SRCROOT)/**";
				GCC_C_LANGUAGE_STANDARD = gnu11;
				GCC_DYNAMIC_NO_PIC = NO;
				GCC_NO_COMMON_BLOCKS = YES;
				GCC_OPTIMIZATION_LEVEL = 0;
				GCC_PREPROCESSOR_DEFINITIONS = (
					"DEBUG=1",
					"$(inherited)",
				);
				GCC_WARN_64_TO_32_BIT_CONVERSION = YES;
				GCC_WARN_ABOUT_RETURN_TYPE = YES_ERROR;
				GCC_WARN_UNDECLARED_SELECTOR = YES;
				GCC_WARN_UNINITIALIZED_AUTOS = YES_AGGRESSIVE;
				GCC_WARN_UNUSED_FUNCTION = YES;
				GCC_WARN_UNUSED_VARIABLE = YES;
				IPHONEOS_DEPLOYMENT_TARGET = 10.3;
				MTL_ENABLE_DEBUG_INFO = INCLUDE_SOURCE;
				MTL_FAST_MATH = YES;
				ONLY_ACTIVE_ARCH = YES;
				SDKROOT = iphoneos;
				SWIFT_ACTIVE_COMPILATION_CONDITIONS = DEBUG;
				SWIFT_OPTIMIZATION_LEVEL = "-Onone";
			};
			name = Debug;
		};
		EA31080321706C8E003823AE /* Release */ = {
			isa = XCBuildConfiguration;
			buildSettings = {
				ALWAYS_SEARCH_USER_PATHS = NO;
				CLANG_ANALYZER_LOCALIZABILITY_NONLOCALIZED = YES;
				CLANG_ANALYZER_NONNULL = YES;
				CLANG_ANALYZER_NUMBER_OBJECT_CONVERSION = YES_AGGRESSIVE;
				CLANG_CXX_LANGUAGE_STANDARD = "gnu++14";
				CLANG_CXX_LIBRARY = "libc++";
				CLANG_ENABLE_MODULES = YES;
				CLANG_ENABLE_OBJC_ARC = YES;
				CLANG_ENABLE_OBJC_WEAK = YES;
				CLANG_WARN_BLOCK_CAPTURE_AUTORELEASING = YES;
				CLANG_WARN_BOOL_CONVERSION = YES;
				CLANG_WARN_COMMA = YES;
				CLANG_WARN_CONSTANT_CONVERSION = YES;
				CLANG_WARN_DEPRECATED_OBJC_IMPLEMENTATIONS = YES;
				CLANG_WARN_DIRECT_OBJC_ISA_USAGE = YES_ERROR;
				CLANG_WARN_DOCUMENTATION_COMMENTS = YES;
				CLANG_WARN_EMPTY_BODY = YES;
				CLANG_WARN_ENUM_CONVERSION = YES;
				CLANG_WARN_INFINITE_RECURSION = YES;
				CLANG_WARN_INT_CONVERSION = YES;
				CLANG_WARN_NON_LITERAL_NULL_CONVERSION = YES;
				CLANG_WARN_OBJC_IMPLICIT_RETAIN_SELF = YES;
				CLANG_WARN_OBJC_LITERAL_CONVERSION = YES;
				CLANG_WARN_OBJC_ROOT_CLASS = YES_ERROR;
				CLANG_WARN_RANGE_LOOP_ANALYSIS = YES;
				CLANG_WARN_STRICT_PROTOTYPES = YES;
				CLANG_WARN_SUSPICIOUS_MOVE = YES;
				CLANG_WARN_UNGUARDED_AVAILABILITY = YES_AGGRESSIVE;
				CLANG_WARN_UNREACHABLE_CODE = YES;
				CLANG_WARN__DUPLICATE_METHOD_MATCH = YES;
				CODE_SIGN_IDENTITY = "iPhone Developer";
				COPY_PHASE_STRIP = NO;
				DEBUG_INFORMATION_FORMAT = "dwarf-with-dsym";
				ENABLE_NS_ASSERTIONS = NO;
				ENABLE_STRICT_OBJC_MSGSEND = YES;
				FRAMEWORK_SEARCH_PATHS = "$(SRCROOT)/**";
				GCC_C_LANGUAGE_STANDARD = gnu11;
				GCC_NO_COMMON_BLOCKS = YES;
				GCC_WARN_64_TO_32_BIT_CONVERSION = YES;
				GCC_WARN_ABOUT_RETURN_TYPE = YES_ERROR;
				GCC_WARN_UNDECLARED_SELECTOR = YES;
				GCC_WARN_UNINITIALIZED_AUTOS = YES_AGGRESSIVE;
				GCC_WARN_UNUSED_FUNCTION = YES;
				GCC_WARN_UNUSED_VARIABLE = YES;
				IPHONEOS_DEPLOYMENT_TARGET = 10.3;
				MTL_ENABLE_DEBUG_INFO = NO;
				MTL_FAST_MATH = YES;
				SDKROOT = iphoneos;
				SWIFT_COMPILATION_MODE = wholemodule;
				SWIFT_OPTIMIZATION_LEVEL = "-O";
				VALIDATE_PRODUCT = YES;
			};
			name = Release;
		};
		EA31080521706C8E003823AE /* Debug */ = {
			isa = XCBuildConfiguration;
			baseConfigurationReference = EEBF9ED38318EA1A08EA5894 /* Pods-TapCount.debug.xcconfig */;
			buildSettings = {
				ASSETCATALOG_COMPILER_APPICON_NAME = AppIcon;
				CODE_SIGN_IDENTITY = "iPhone Developer";
				CODE_SIGN_STYLE = Automatic;
				DEVELOPMENT_TEAM = VMG4L32DAQ;
				FRAMEWORK_SEARCH_PATHS = (
					"$(inherited)",
					"\"${PODS_CONFIGURATION_BUILD_DIR}/Spring\"",
					"$(SRCROOT)/**",
				);
				INFOPLIST_FILE = TapCount/Info.plist;
				LD_RUNPATH_SEARCH_PATHS = (
					"$(inherited)",
					"@executable_path/Frameworks",
				);
				PRODUCT_BUNDLE_IDENTIFIER = com.tonytangzixuan.TapCounter;
				PRODUCT_NAME = "$(TARGET_NAME)";
				PROVISIONING_PROFILE_SPECIFIER = "";
				SWIFT_VERSION = 4.2;
				TARGETED_DEVICE_FAMILY = "1,2";
			};
			name = Debug;
		};
		EA31080621706C8E003823AE /* Release */ = {
			isa = XCBuildConfiguration;
			baseConfigurationReference = 3B8ED2D3926A9BD49F20DE0F /* Pods-TapCount.release.xcconfig */;
			buildSettings = {
				ASSETCATALOG_COMPILER_APPICON_NAME = AppIcon;
				CODE_SIGN_IDENTITY = "iPhone Developer";
				CODE_SIGN_STYLE = Automatic;
				DEVELOPMENT_TEAM = VMG4L32DAQ;
				FRAMEWORK_SEARCH_PATHS = (
					"$(inherited)",
					"\"${PODS_CONFIGURATION_BUILD_DIR}/Spring\"",
					"$(SRCROOT)/**",
				);
				INFOPLIST_FILE = TapCount/Info.plist;
				LD_RUNPATH_SEARCH_PATHS = (
					"$(inherited)",
					"@executable_path/Frameworks",
				);
				PRODUCT_BUNDLE_IDENTIFIER = com.tonytangzixuan.TapCounter;
				PRODUCT_NAME = "$(TARGET_NAME)";
				PROVISIONING_PROFILE_SPECIFIER = "";
				SWIFT_VERSION = 4.2;
				TARGETED_DEVICE_FAMILY = "1,2";
			};
			name = Release;
		};
/* End XCBuildConfiguration section */

/* Begin XCConfigurationList section */
		EA3107ED21706C8B003823AE /* Build configuration list for PBXProject "TapCount" */ = {
			isa = XCConfigurationList;
			buildConfigurations = (
				EA31080221706C8E003823AE /* Debug */,
				EA31080321706C8E003823AE /* Release */,
			);
			defaultConfigurationIsVisible = 0;
			defaultConfigurationName = Release;
		};
		EA31080421706C8E003823AE /* Build configuration list for PBXNativeTarget "TapCount" */ = {
			isa = XCConfigurationList;
			buildConfigurations = (
				EA31080521706C8E003823AE /* Debug */,
				EA31080621706C8E003823AE /* Release */,
			);
			defaultConfigurationIsVisible = 0;
			defaultConfigurationName = Release;
		};
/* End XCConfigurationList section */

/* Begin XCVersionGroup section */
		EA2F708B2173993200F06966 /* History.xcdatamodeld */ = {
			isa = XCVersionGroup;
			children = (
				EA2F708C2173993200F06966 /* History.xcdatamodel */,
			);
			currentVersion = EA2F708C2173993200F06966 /* History.xcdatamodel */;
			path = History.xcdatamodeld;
			sourceTree = "<group>";
			versionGroupType = wrapper.xcdatamodel;
		};
/* End XCVersionGroup section */
	};
	rootObject = EA3107EA21706C8B003823AE /* Project object */;
}
