// !$*UTF8*$!
{
	archiveVersion = 1;
	classes = {
	};
	objectVersion = 50;
	objects = {

/* Begin PBXBuildFile section */
		EA1ECD1C2189550D002D9765 /* ColorSelectionViewController.swift in Sources */ = {isa = PBXBuildFile; fileRef = EA1ECD1B2189550D002D9765 /* ColorSelectionViewController.swift */; };
		EA271CAE22243B620004487D /* IAPService.swift in Sources */ = {isa = PBXBuildFile; fileRef = EA271CAD22243B620004487D /* IAPService.swift */; };
		EA271CB0222447B80004487D /* IAPProduct.swift in Sources */ = {isa = PBXBuildFile; fileRef = EA271CAF222447B80004487D /* IAPProduct.swift */; };
		EA2F70892173985400F06966 /* HistoryViewController.swift in Sources */ = {isa = PBXBuildFile; fileRef = EA2F70882173985400F06966 /* HistoryViewController.swift */; };
		EA2F708D2173993200F06966 /* History.xcdatamodeld in Sources */ = {isa = PBXBuildFile; fileRef = EA2F708B2173993200F06966 /* History.xcdatamodeld */; };
		EA2F708F21739CFF00F06966 /* HistoryTableViewCell.swift in Sources */ = {isa = PBXBuildFile; fileRef = EA2F708E21739CFF00F06966 /* HistoryTableViewCell.swift */; };
		EA3107F621706C8B003823AE /* AppDelegate.swift in Sources */ = {isa = PBXBuildFile; fileRef = EA3107F521706C8B003823AE /* AppDelegate.swift */; };
		EA3107F821706C8B003823AE /* ViewController.swift in Sources */ = {isa = PBXBuildFile; fileRef = EA3107F721706C8B003823AE /* ViewController.swift */; };
		EA3107FB21706C8B003823AE /* Main.storyboard in Resources */ = {isa = PBXBuildFile; fileRef = EA3107F921706C8B003823AE /* Main.storyboard */; };
		EA3107FD21706C8E003823AE /* Assets.xcassets in Resources */ = {isa = PBXBuildFile; fileRef = EA3107FC21706C8E003823AE /* Assets.xcassets */; };
		EA31080021706C8E003823AE /* LaunchScreen.storyboard in Resources */ = {isa = PBXBuildFile; fileRef = EA3107FE21706C8E003823AE /* LaunchScreen.storyboard */; };
		EA3888E121776CEC004E3EA5 /* InfoPlist.strings in Resources */ = {isa = PBXBuildFile; fileRef = EA3888E321776CEC004E3EA5 /* InfoPlist.strings */; };
		EA3888E921778ED8004E3EA5 /* Localizable.strings in Resources */ = {isa = PBXBuildFile; fileRef = EA3888EB21778ED8004E3EA5 /* Localizable.strings */; };
		EA3A12002195DA4D001C23B0 /* StoreKit.framework in Frameworks */ = {isa = PBXBuildFile; fileRef = EA3A11FF2195DA4D001C23B0 /* StoreKit.framework */; };
		EA3D4351217B885500753BEA /* UniversalVar.swift in Sources */ = {isa = PBXBuildFile; fileRef = EA3D4350217B885500753BEA /* UniversalVar.swift */; };
		EA3D4353217BA3A400753BEA /* VKExpandableButton.swift in Sources */ = {isa = PBXBuildFile; fileRef = EA3D4352217BA3A400753BEA /* VKExpandableButton.swift */; };
		EA429427218F224400061DD5 /* ThemeProtocol.swift in Sources */ = {isa = PBXBuildFile; fileRef = EA429426218F224400061DD5 /* ThemeProtocol.swift */; };
		EA429429218F248700061DD5 /* Themes.swift in Sources */ = {isa = PBXBuildFile; fileRef = EA429428218F248700061DD5 /* Themes.swift */; };
		EA429430218F2A4800061DD5 /* ThemeManager.swift in Sources */ = {isa = PBXBuildFile; fileRef = EA42942F218F2A4800061DD5 /* ThemeManager.swift */; };
		EA429432218F2CB000061DD5 /* ThemeManagerProtocol.swift in Sources */ = {isa = PBXBuildFile; fileRef = EA429431218F2CB000061DD5 /* ThemeManagerProtocol.swift */; };
		EA429434218F2D6600061DD5 /* SuperViewController.swift in Sources */ = {isa = PBXBuildFile; fileRef = EA429433218F2D6600061DD5 /* SuperViewController.swift */; };
		EA429436218FE88F00061DD5 /* ThemeGlobal.swift in Sources */ = {isa = PBXBuildFile; fileRef = EA429435218FE88F00061DD5 /* ThemeGlobal.swift */; };
		EA42943E2190943000061DD5 /* AntiCountBtn_Default.wav in Resources */ = {isa = PBXBuildFile; fileRef = EA42943C2190943000061DD5 /* AntiCountBtn_Default.wav */; };
		EA42943F2190943000061DD5 /* CountBtn_Default.wav in Resources */ = {isa = PBXBuildFile; fileRef = EA42943D2190943000061DD5 /* CountBtn_Default.wav */; };
		EA4DAC2321849609007E1632 /* SettingsTableViewController.swift in Sources */ = {isa = PBXBuildFile; fileRef = EA4DAC2221849609007E1632 /* SettingsTableViewController.swift */; };
		EA4DAC25218499A8007E1632 /* Colorpads.swift in Sources */ = {isa = PBXBuildFile; fileRef = EA4DAC24218499A8007E1632 /* Colorpads.swift */; };
		EA7AF2BC218A03C900D62CAB /* ColorSelectionCollectionViewCell.swift in Sources */ = {isa = PBXBuildFile; fileRef = EA7AF2BB218A03C900D62CAB /* ColorSelectionCollectionViewCell.swift */; };
		EA84ED7D21D92B9D008D97EC /* Spring.swift in Sources */ = {isa = PBXBuildFile; fileRef = EA84ED5F21D92B9C008D97EC /* Spring.swift */; };
		EA84ED8D21D92B9D008D97EC /* SpringLabel.swift in Sources */ = {isa = PBXBuildFile; fileRef = EA84ED6F21D92B9D008D97EC /* SpringLabel.swift */; };
		EAB6D2CA21A1B39C00E8F384 /* SettingsCell.swift in Sources */ = {isa = PBXBuildFile; fileRef = EAB6D2C921A1B39C00E8F384 /* SettingsCell.swift */; };
		EAD247F1217B3BBC008DD72D /* SettingsViewController.swift in Sources */ = {isa = PBXBuildFile; fileRef = EAD247F0217B3BBC008DD72D /* SettingsViewController.swift */; };
		EAE0263221ADAEE80050CC44 /* CustomOperator.swift in Sources */ = {isa = PBXBuildFile; fileRef = EAE0263121ADAEE80050CC44 /* CustomOperator.swift */; };
/* End PBXBuildFile section */

/* Begin PBXFileReference section */
		EA1ECD1B2189550D002D9765 /* ColorSelectionViewController.swift */ = {isa = PBXFileReference; lastKnownFileType = sourcecode.swift; path = ColorSelectionViewController.swift; sourceTree = "<group>"; };
		EA271CAD22243B620004487D /* IAPService.swift */ = {isa = PBXFileReference; lastKnownFileType = sourcecode.swift; path = IAPService.swift; sourceTree = "<group>"; };
		EA271CAF222447B80004487D /* IAPProduct.swift */ = {isa = PBXFileReference; lastKnownFileType = sourcecode.swift; path = IAPProduct.swift; sourceTree = "<group>"; };
		EA2F70882173985400F06966 /* HistoryViewController.swift */ = {isa = PBXFileReference; lastKnownFileType = sourcecode.swift; path = HistoryViewController.swift; sourceTree = "<group>"; };
		EA2F708C2173993200F06966 /* History.xcdatamodel */ = {isa = PBXFileReference; lastKnownFileType = wrapper.xcdatamodel; path = History.xcdatamodel; sourceTree = "<group>"; };
		EA2F708E21739CFF00F06966 /* HistoryTableViewCell.swift */ = {isa = PBXFileReference; lastKnownFileType = sourcecode.swift; path = HistoryTableViewCell.swift; sourceTree = "<group>"; };
		EA3107F221706C8B003823AE /* TapCount.app */ = {isa = PBXFileReference; explicitFileType = wrapper.application; includeInIndex = 0; path = TapCount.app; sourceTree = BUILT_PRODUCTS_DIR; };
		EA3107F521706C8B003823AE /* AppDelegate.swift */ = {isa = PBXFileReference; lastKnownFileType = sourcecode.swift; path = AppDelegate.swift; sourceTree = "<group>"; };
		EA3107F721706C8B003823AE /* ViewController.swift */ = {isa = PBXFileReference; lastKnownFileType = sourcecode.swift; path = ViewController.swift; sourceTree = "<group>"; };
		EA3107FA21706C8B003823AE /* Base */ = {isa = PBXFileReference; lastKnownFileType = file.storyboard; name = Base; path = Base.lproj/Main.storyboard; sourceTree = "<group>"; };
		EA3107FC21706C8E003823AE /* Assets.xcassets */ = {isa = PBXFileReference; lastKnownFileType = folder.assetcatalog; path = Assets.xcassets; sourceTree = "<group>"; };
		EA3107FF21706C8E003823AE /* Base */ = {isa = PBXFileReference; lastKnownFileType = file.storyboard; name = Base; path = Base.lproj/LaunchScreen.storyboard; sourceTree = "<group>"; };
		EA31080121706C8E003823AE /* Info.plist */ = {isa = PBXFileReference; lastKnownFileType = text.plist.xml; path = Info.plist; sourceTree = "<group>"; };
		EA3888DE21776C8A004E3EA5 /* zh-Hans */ = {isa = PBXFileReference; lastKnownFileType = text.plist.strings; name = "zh-Hans"; path = "zh-Hans.lproj/LaunchScreen.strings"; sourceTree = "<group>"; };
		EA3888E221776CEC004E3EA5 /* zh-Hans */ = {isa = PBXFileReference; lastKnownFileType = text.plist.strings; name = "zh-Hans"; path = "zh-Hans.lproj/InfoPlist.strings"; sourceTree = "<group>"; };
		EA3888E521776D67004E3EA5 /* en */ = {isa = PBXFileReference; lastKnownFileType = text.plist.strings; name = en; path = en.lproj/Main.strings; sourceTree = "<group>"; };
		EA3888EA21778ED8004E3EA5 /* zh-Hans */ = {isa = PBXFileReference; lastKnownFileType = text.plist.strings; name = "zh-Hans"; path = "zh-Hans.lproj/Localizable.strings"; sourceTree = "<group>"; };
		EA3A11FF2195DA4D001C23B0 /* StoreKit.framework */ = {isa = PBXFileReference; lastKnownFileType = wrapper.framework; name = StoreKit.framework; path = System/Library/Frameworks/StoreKit.framework; sourceTree = SDKROOT; };
		EA3D4350217B885500753BEA /* UniversalVar.swift */ = {isa = PBXFileReference; lastKnownFileType = sourcecode.swift; name = UniversalVar.swift; path = TapCount/UniversalVar.swift; sourceTree = SOURCE_ROOT; };
		EA3D4352217BA3A400753BEA /* VKExpandableButton.swift */ = {isa = PBXFileReference; fileEncoding = 4; lastKnownFileType = sourcecode.swift; path = VKExpandableButton.swift; sourceTree = "<group>"; };
		EA3D4356217CB19800753BEA /* zh-Hans */ = {isa = PBXFileReference; lastKnownFileType = text.plist.strings; name = "zh-Hans"; path = "zh-Hans.lproj/Main.strings"; sourceTree = "<group>"; };
		EA429426218F224400061DD5 /* ThemeProtocol.swift */ = {isa = PBXFileReference; lastKnownFileType = sourcecode.swift; path = ThemeProtocol.swift; sourceTree = "<group>"; };
		EA429428218F248700061DD5 /* Themes.swift */ = {isa = PBXFileReference; lastKnownFileType = sourcecode.swift; path = Themes.swift; sourceTree = "<group>"; };
		EA42942F218F2A4800061DD5 /* ThemeManager.swift */ = {isa = PBXFileReference; lastKnownFileType = sourcecode.swift; path = ThemeManager.swift; sourceTree = "<group>"; };
		EA429431218F2CB000061DD5 /* ThemeManagerProtocol.swift */ = {isa = PBXFileReference; lastKnownFileType = sourcecode.swift; path = ThemeManagerProtocol.swift; sourceTree = "<group>"; };
		EA429433218F2D6600061DD5 /* SuperViewController.swift */ = {isa = PBXFileReference; lastKnownFileType = sourcecode.swift; path = SuperViewController.swift; sourceTree = "<group>"; };
		EA429435218FE88F00061DD5 /* ThemeGlobal.swift */ = {isa = PBXFileReference; lastKnownFileType = sourcecode.swift; path = ThemeGlobal.swift; sourceTree = "<group>"; };
		EA42943C2190943000061DD5 /* AntiCountBtn_Default.wav */ = {isa = PBXFileReference; lastKnownFileType = audio.wav; name = AntiCountBtn_Default.wav; path = "App Resources/SoundEffects/Taptic/AntiCountBtn_Default.wav"; sourceTree = SOURCE_ROOT; };
		EA42943D2190943000061DD5 /* CountBtn_Default.wav */ = {isa = PBXFileReference; lastKnownFileType = audio.wav; name = CountBtn_Default.wav; path = "App Resources/SoundEffects/Taptic/CountBtn_Default.wav"; sourceTree = SOURCE_ROOT; };
		EA4DAC2221849609007E1632 /* SettingsTableViewController.swift */ = {isa = PBXFileReference; lastKnownFileType = sourcecode.swift; path = SettingsTableViewController.swift; sourceTree = "<group>"; };
		EA4DAC24218499A8007E1632 /* Colorpads.swift */ = {isa = PBXFileReference; lastKnownFileType = sourcecode.swift; path = Colorpads.swift; sourceTree = "<group>"; };
		EA5C5B642177A6A600383501 /* en */ = {isa = PBXFileReference; lastKnownFileType = text.plist.strings; name = en; path = en.lproj/InfoPlist.strings; sourceTree = "<group>"; };
		EA7AF2BB218A03C900D62CAB /* ColorSelectionCollectionViewCell.swift */ = {isa = PBXFileReference; lastKnownFileType = sourcecode.swift; path = ColorSelectionCollectionViewCell.swift; sourceTree = "<group>"; };
		EA84EC9F21D9285E008D97EC /* DesignableImageView.swift */ = {isa = PBXFileReference; lastKnownFileType = sourcecode.swift; path = DesignableImageView.swift; sourceTree = "<group>"; };
		EA84ECA021D9285E008D97EC /* KeyboardLayoutConstraint.swift */ = {isa = PBXFileReference; lastKnownFileType = sourcecode.swift; path = KeyboardLayoutConstraint.swift; sourceTree = "<group>"; };
		EA84ECA121D9285E008D97EC /* TransitionManager.swift */ = {isa = PBXFileReference; lastKnownFileType = sourcecode.swift; path = TransitionManager.swift; sourceTree = "<group>"; };
		EA84ECA221D9285E008D97EC /* TransitionZoom.swift */ = {isa = PBXFileReference; lastKnownFileType = sourcecode.swift; path = TransitionZoom.swift; sourceTree = "<group>"; };
		EA84ECA321D9285E008D97EC /* ImageLoader.swift */ = {isa = PBXFileReference; lastKnownFileType = sourcecode.swift; path = ImageLoader.swift; sourceTree = "<group>"; };
		EA84ECA421D9285E008D97EC /* Spring.swift */ = {isa = PBXFileReference; lastKnownFileType = sourcecode.swift; path = Spring.swift; sourceTree = "<group>"; };
		EA84ECA521D9285E008D97EC /* SpringImageView.swift */ = {isa = PBXFileReference; lastKnownFileType = sourcecode.swift; path = SpringImageView.swift; sourceTree = "<group>"; };
		EA84ECA621D9285E008D97EC /* DesignableLabel.swift */ = {isa = PBXFileReference; lastKnownFileType = sourcecode.swift; path = DesignableLabel.swift; sourceTree = "<group>"; };
		EA84ECA721D9285E008D97EC /* SoundPlayer.swift */ = {isa = PBXFileReference; lastKnownFileType = sourcecode.swift; path = SoundPlayer.swift; sourceTree = "<group>"; };
		EA84ECA821D9285E008D97EC /* BlurView.swift */ = {isa = PBXFileReference; lastKnownFileType = sourcecode.swift; path = BlurView.swift; sourceTree = "<group>"; };
		EA84ECA921D9285E008D97EC /* DesignableTextField.swift */ = {isa = PBXFileReference; lastKnownFileType = sourcecode.swift; path = DesignableTextField.swift; sourceTree = "<group>"; };
		EA84ECAA21D9285E008D97EC /* SpringButton.swift */ = {isa = PBXFileReference; lastKnownFileType = sourcecode.swift; path = SpringButton.swift; sourceTree = "<group>"; };
		EA84ECAB21D9285E008D97EC /* SpringTextView.swift */ = {isa = PBXFileReference; lastKnownFileType = sourcecode.swift; path = SpringTextView.swift; sourceTree = "<group>"; };
		EA84ECAC21D9285E008D97EC /* Misc.swift */ = {isa = PBXFileReference; lastKnownFileType = sourcecode.swift; path = Misc.swift; sourceTree = "<group>"; };
		EA84ECAD21D9285E008D97EC /* SpringView.swift */ = {isa = PBXFileReference; lastKnownFileType = sourcecode.swift; path = SpringView.swift; sourceTree = "<group>"; };
		EA84ECAE21D9285E008D97EC /* DesignableButton.swift */ = {isa = PBXFileReference; lastKnownFileType = sourcecode.swift; path = DesignableButton.swift; sourceTree = "<group>"; };
		EA84ECAF21D9285E008D97EC /* SpringTextField.swift */ = {isa = PBXFileReference; lastKnownFileType = sourcecode.swift; path = SpringTextField.swift; sourceTree = "<group>"; };
		EA84ECB021D9285E008D97EC /* DesignableView.swift */ = {isa = PBXFileReference; lastKnownFileType = sourcecode.swift; path = DesignableView.swift; sourceTree = "<group>"; };
		EA84ECB121D9285E008D97EC /* DesignableTabBarController.swift */ = {isa = PBXFileReference; lastKnownFileType = sourcecode.swift; path = DesignableTabBarController.swift; sourceTree = "<group>"; };
		EA84ECB221D9285E008D97EC /* AsyncButton.swift */ = {isa = PBXFileReference; lastKnownFileType = sourcecode.swift; path = AsyncButton.swift; sourceTree = "<group>"; };
		EA84ECB321D9285E008D97EC /* LoadingView.xib */ = {isa = PBXFileReference; lastKnownFileType = file.xib; path = LoadingView.xib; sourceTree = "<group>"; };
		EA84ECB421D9285E008D97EC /* SpringLabel.swift */ = {isa = PBXFileReference; lastKnownFileType = sourcecode.swift; path = SpringLabel.swift; sourceTree = "<group>"; };
		EA84ECB521D9285E008D97EC /* Spring.h */ = {isa = PBXFileReference; lastKnownFileType = sourcecode.c.h; path = Spring.h; sourceTree = "<group>"; };
		EA84ECB621D9285E008D97EC /* DesignableTextView.swift */ = {isa = PBXFileReference; lastKnownFileType = sourcecode.swift; path = DesignableTextView.swift; sourceTree = "<group>"; };
		EA84ECB721D9285E008D97EC /* AutoTextView.swift */ = {isa = PBXFileReference; lastKnownFileType = sourcecode.swift; path = AutoTextView.swift; sourceTree = "<group>"; };
		EA84ECB821D9285E008D97EC /* SpringAnimation.swift */ = {isa = PBXFileReference; lastKnownFileType = sourcecode.swift; path = SpringAnimation.swift; sourceTree = "<group>"; };
		EA84ECB921D9285E008D97EC /* UnwindSegue.swift */ = {isa = PBXFileReference; lastKnownFileType = sourcecode.swift; path = UnwindSegue.swift; sourceTree = "<group>"; };
		EA84ECBA21D9285E008D97EC /* LoadingView.swift */ = {isa = PBXFileReference; lastKnownFileType = sourcecode.swift; path = LoadingView.swift; sourceTree = "<group>"; };
		EA84ECBB21D9285E008D97EC /* Info.plist */ = {isa = PBXFileReference; lastKnownFileType = text.plist.xml; path = Info.plist; sourceTree = "<group>"; };
		EA84ECBC21D9285E008D97EC /* AsyncImageView.swift */ = {isa = PBXFileReference; lastKnownFileType = sourcecode.swift; path = AsyncImageView.swift; sourceTree = "<group>"; };
		EA84ED5F21D92B9C008D97EC /* Spring.swift */ = {isa = PBXFileReference; fileEncoding = 4; lastKnownFileType = sourcecode.swift; path = Spring.swift; sourceTree = "<group>"; };
		EA84ED6F21D92B9D008D97EC /* SpringLabel.swift */ = {isa = PBXFileReference; fileEncoding = 4; lastKnownFileType = sourcecode.swift; path = SpringLabel.swift; sourceTree = "<group>"; };
		EAB6D2C921A1B39C00E8F384 /* SettingsCell.swift */ = {isa = PBXFileReference; lastKnownFileType = sourcecode.swift; path = SettingsCell.swift; sourceTree = "<group>"; };
		EAD247F0217B3BBC008DD72D /* SettingsViewController.swift */ = {isa = PBXFileReference; lastKnownFileType = sourcecode.swift; path = SettingsViewController.swift; sourceTree = "<group>"; };
		EAE0263121ADAEE80050CC44 /* CustomOperator.swift */ = {isa = PBXFileReference; lastKnownFileType = sourcecode.swift; path = CustomOperator.swift; sourceTree = "<group>"; };
/* End PBXFileReference section */

/* Begin PBXFrameworksBuildPhase section */
		EA3107EF21706C8B003823AE /* Frameworks */ = {
			isa = PBXFrameworksBuildPhase;
			buildActionMask = 2147483647;
			files = (
				EA3A12002195DA4D001C23B0 /* StoreKit.framework in Frameworks */,
			);
			runOnlyForDeploymentPostprocessing = 0;
		};
/* End PBXFrameworksBuildPhase section */

/* Begin PBXGroup section */
		EA2F708A2173985D00F06966 /* VC */ = {
			isa = PBXGroup;
			children = (
				EA429433218F2D6600061DD5 /* SuperViewController.swift */,
				EA3107F721706C8B003823AE /* ViewController.swift */,
				EA2F70882173985400F06966 /* HistoryViewController.swift */,
				EA2F708E21739CFF00F06966 /* HistoryTableViewCell.swift */,
				EAD247F0217B3BBC008DD72D /* SettingsViewController.swift */,
				EA4DAC2221849609007E1632 /* SettingsTableViewController.swift */,
				EAB6D2C921A1B39C00E8F384 /* SettingsCell.swift */,
				EA7AF2BB218A03C900D62CAB /* ColorSelectionCollectionViewCell.swift */,
				EA1ECD1B2189550D002D9765 /* ColorSelectionViewController.swift */,
				EA3D4354217BA3B100753BEA /* Opensource */,
			);
			path = VC;
			sourceTree = "<group>";
		};
		EA3107E921706C8B003823AE = {
			isa = PBXGroup;
			children = (
				EA3107F421706C8B003823AE /* TapCount */,
				EA3107F321706C8B003823AE /* Products */,
				EB50CCBC1B296405CEF846F2 /* Frameworks */,
			);
			sourceTree = "<group>";
		};
		EA3107F321706C8B003823AE /* Products */ = {
			isa = PBXGroup;
			children = (
				EA3107F221706C8B003823AE /* TapCount.app */,
			);
			name = Products;
			sourceTree = "<group>";
		};
		EA3107F421706C8B003823AE /* TapCount */ = {
			isa = PBXGroup;
			children = (
				EA3107F521706C8B003823AE /* AppDelegate.swift */,
				EA3D4350217B885500753BEA /* UniversalVar.swift */,
				EAE0263121ADAEE80050CC44 /* CustomOperator.swift */,
				EA4DAC24218499A8007E1632 /* Colorpads.swift */,
				EA271CAF222447B80004487D /* IAPProduct.swift */,
				EA271CAD22243B620004487D /* IAPService.swift */,
				EA42942E218F2A2E00061DD5 /* Theme */,
				EA2F708A2173985D00F06966 /* VC */,
				EA3107F921706C8B003823AE /* Main.storyboard */,
				EA2F708B2173993200F06966 /* History.xcdatamodeld */,
				EA3107FC21706C8E003823AE /* Assets.xcassets */,
				EA42943B219093AC00061DD5 /* SoundEffects */,
				EA3107FE21706C8E003823AE /* LaunchScreen.storyboard */,
				EA31080121706C8E003823AE /* Info.plist */,
				EA3888E321776CEC004E3EA5 /* InfoPlist.strings */,
				EA3888EB21778ED8004E3EA5 /* Localizable.strings */,
			);
			path = TapCount;
			sourceTree = "<group>";
		};
		EA3D4354217BA3B100753BEA /* Opensource */ = {
			isa = PBXGroup;
			children = (
				EA84ED5921D92B9C008D97EC /* Spring */,
				EA3D4352217BA3A400753BEA /* VKExpandableButton.swift */,
			);
			path = Opensource;
			sourceTree = "<group>";
		};
		EA42942E218F2A2E00061DD5 /* Theme */ = {
			isa = PBXGroup;
			children = (
				EA429426218F224400061DD5 /* ThemeProtocol.swift */,
				EA42942F218F2A4800061DD5 /* ThemeManager.swift */,
				EA429431218F2CB000061DD5 /* ThemeManagerProtocol.swift */,
				EA429435218FE88F00061DD5 /* ThemeGlobal.swift */,
				EA429428218F248700061DD5 /* Themes.swift */,
			);
			path = Theme;
			sourceTree = "<group>";
		};
		EA42943B219093AC00061DD5 /* SoundEffects */ = {
			isa = PBXGroup;
			children = (
				EA42943C2190943000061DD5 /* AntiCountBtn_Default.wav */,
				EA42943D2190943000061DD5 /* CountBtn_Default.wav */,
			);
			path = SoundEffects;
			sourceTree = "<group>";
		};
		EA84EC9E21D9285E008D97EC /* Spring */ = {
			isa = PBXGroup;
			children = (
				EA84EC9F21D9285E008D97EC /* DesignableImageView.swift */,
				EA84ECA021D9285E008D97EC /* KeyboardLayoutConstraint.swift */,
				EA84ECA121D9285E008D97EC /* TransitionManager.swift */,
				EA84ECA221D9285E008D97EC /* TransitionZoom.swift */,
				EA84ECA321D9285E008D97EC /* ImageLoader.swift */,
				EA84ECA421D9285E008D97EC /* Spring.swift */,
				EA84ECA521D9285E008D97EC /* SpringImageView.swift */,
				EA84ECA621D9285E008D97EC /* DesignableLabel.swift */,
				EA84ECA721D9285E008D97EC /* SoundPlayer.swift */,
				EA84ECA821D9285E008D97EC /* BlurView.swift */,
				EA84ECA921D9285E008D97EC /* DesignableTextField.swift */,
				EA84ECAA21D9285E008D97EC /* SpringButton.swift */,
				EA84ECAB21D9285E008D97EC /* SpringTextView.swift */,
				EA84ECAC21D9285E008D97EC /* Misc.swift */,
				EA84ECAD21D9285E008D97EC /* SpringView.swift */,
				EA84ECAE21D9285E008D97EC /* DesignableButton.swift */,
				EA84ECAF21D9285E008D97EC /* SpringTextField.swift */,
				EA84ECB021D9285E008D97EC /* DesignableView.swift */,
				EA84ECB121D9285E008D97EC /* DesignableTabBarController.swift */,
				EA84ECB221D9285E008D97EC /* AsyncButton.swift */,
				EA84ECB321D9285E008D97EC /* LoadingView.xib */,
				EA84ECB421D9285E008D97EC /* SpringLabel.swift */,
				EA84ECB521D9285E008D97EC /* Spring.h */,
				EA84ECB621D9285E008D97EC /* DesignableTextView.swift */,
				EA84ECB721D9285E008D97EC /* AutoTextView.swift */,
				EA84ECB821D9285E008D97EC /* SpringAnimation.swift */,
				EA84ECB921D9285E008D97EC /* UnwindSegue.swift */,
				EA84ECBA21D9285E008D97EC /* LoadingView.swift */,
				EA84ECBB21D9285E008D97EC /* Info.plist */,
				EA84ECBC21D9285E008D97EC /* AsyncImageView.swift */,
			);
			name = Spring;
			path = TapCount/Spring;
			sourceTree = "<group>";
		};
		EA84ED5921D92B9C008D97EC /* Spring */ = {
			isa = PBXGroup;
			children = (
				EA84ED5F21D92B9C008D97EC /* Spring.swift */,
				EA84ED6F21D92B9D008D97EC /* SpringLabel.swift */,
			);
			path = Spring;
			sourceTree = "<group>";
		};
		EB50CCBC1B296405CEF846F2 /* Frameworks */ = {
			isa = PBXGroup;
			children = (
				EA84EC9E21D9285E008D97EC /* Spring */,
				EA3A11FF2195DA4D001C23B0 /* StoreKit.framework */,
			);
			name = Frameworks;
			sourceTree = "<group>";
		};
/* End PBXGroup section */

/* Begin PBXNativeTarget section */
		EA3107F121706C8B003823AE /* TapCount */ = {
			isa = PBXNativeTarget;
			buildConfigurationList = EA31080421706C8E003823AE /* Build configuration list for PBXNativeTarget "TapCount" */;
			buildPhases = (
				EA3107EE21706C8B003823AE /* Sources */,
				EA3107EF21706C8B003823AE /* Frameworks */,
				EA3107F021706C8B003823AE /* Resources */,
			);
			buildRules = (
			);
			dependencies = (
			);
			name = TapCount;
			productName = TapCount;
			productReference = EA3107F221706C8B003823AE /* TapCount.app */;
			productType = "com.apple.product-type.application";
		};
/* End PBXNativeTarget section */

/* Begin PBXProject section */
		EA3107EA21706C8B003823AE /* Project object */ = {
			isa = PBXProject;
			attributes = {
				LastSwiftUpdateCheck = 1000;
				LastUpgradeCheck = 1000;
				ORGANIZATIONNAME = TonyTang;
				TargetAttributes = {
					EA3107F121706C8B003823AE = {
						CreatedOnToolsVersion = 10.0;
						SystemCapabilities = {
							com.apple.InAppPurchase = {
								enabled = 1;
							};
						};
					};
				};
			};
			buildConfigurationList = EA3107ED21706C8B003823AE /* Build configuration list for PBXProject "TapCount" */;
			compatibilityVersion = "Xcode 9.3";
			developmentRegion = en;
			hasScannedForEncodings = 0;
			knownRegions = (
				en,
				Base,
			);
			mainGroup = EA3107E921706C8B003823AE;
			productRefGroup = EA3107F321706C8B003823AE /* Products */;
			projectDirPath = "";
			projectRoot = "";
			targets = (
				EA3107F121706C8B003823AE /* TapCount */,
			);
		};
/* End PBXProject section */

/* Begin PBXResourcesBuildPhase section */
		EA3107F021706C8B003823AE /* Resources */ = {
			isa = PBXResourcesBuildPhase;
			buildActionMask = 2147483647;
			files = (
				EA31080021706C8E003823AE /* LaunchScreen.storyboard in Resources */,
				EA3888E121776CEC004E3EA5 /* InfoPlist.strings in Resources */,
				EA42943F2190943000061DD5 /* CountBtn_Default.wav in Resources */,
				EA3888E921778ED8004E3EA5 /* Localizable.strings in Resources */,
				EA42943E2190943000061DD5 /* AntiCountBtn_Default.wav in Resources */,
				EA3107FD21706C8E003823AE /* Assets.xcassets in Resources */,
				EA3107FB21706C8B003823AE /* Main.storyboard in Resources */,
			);
			runOnlyForDeploymentPostprocessing = 0;
		};
/* End PBXResourcesBuildPhase section */

/* Begin PBXSourcesBuildPhase section */
		EA3107EE21706C8B003823AE /* Sources */ = {
			isa = PBXSourcesBuildPhase;
			buildActionMask = 2147483647;
			files = (
				EAB6D2CA21A1B39C00E8F384 /* SettingsCell.swift in Sources */,
				EA7AF2BC218A03C900D62CAB /* ColorSelectionCollectionViewCell.swift in Sources */,
				EA271CB0222447B80004487D /* IAPProduct.swift in Sources */,
				EA429434218F2D6600061DD5 /* SuperViewController.swift in Sources */,
				EA2F70892173985400F06966 /* HistoryViewController.swift in Sources */,
				EA429430218F2A4800061DD5 /* ThemeManager.swift in Sources */,
				EA84ED8D21D92B9D008D97EC /* SpringLabel.swift in Sources */,
				EA429436218FE88F00061DD5 /* ThemeGlobal.swift in Sources */,
				EA429427218F224400061DD5 /* ThemeProtocol.swift in Sources */,
				EA3107F821706C8B003823AE /* ViewController.swift in Sources */,
				EA429429218F248700061DD5 /* Themes.swift in Sources */,
				EA3D4351217B885500753BEA /* UniversalVar.swift in Sources */,
				EAE0263221ADAEE80050CC44 /* CustomOperator.swift in Sources */,
				EA429432218F2CB000061DD5 /* ThemeManagerProtocol.swift in Sources */,
				EA84ED7D21D92B9D008D97EC /* Spring.swift in Sources */,
				EA271CAE22243B620004487D /* IAPService.swift in Sources */,
				EA4DAC25218499A8007E1632 /* Colorpads.swift in Sources */,
				EA1ECD1C2189550D002D9765 /* ColorSelectionViewController.swift in Sources */,
				EA2F708D2173993200F06966 /* History.xcdatamodeld in Sources */,
				EA3D4353217BA3A400753BEA /* VKExpandableButton.swift in Sources */,
				EA3107F621706C8B003823AE /* AppDelegate.swift in Sources */,
				EA2F708F21739CFF00F06966 /* HistoryTableViewCell.swift in Sources */,
				EAD247F1217B3BBC008DD72D /* SettingsViewController.swift in Sources */,
				EA4DAC2321849609007E1632 /* SettingsTableViewController.swift in Sources */,
			);
			runOnlyForDeploymentPostprocessing = 0;
		};
/* End PBXSourcesBuildPhase section */

/* Begin PBXVariantGroup section */
		EA3107F921706C8B003823AE /* Main.storyboard */ = {
			isa = PBXVariantGroup;
			children = (
				EA3107FA21706C8B003823AE /* Base */,
				EA3888E521776D67004E3EA5 /* en */,
				EA3D4356217CB19800753BEA /* zh-Hans */,
			);
			name = Main.storyboard;
			sourceTree = "<group>";
		};
		EA3107FE21706C8E003823AE /* LaunchScreen.storyboard */ = {
			isa = PBXVariantGroup;
			children = (
				EA3107FF21706C8E003823AE /* Base */,
				EA3888DE21776C8A004E3EA5 /* zh-Hans */,
			);
			name = LaunchScreen.storyboard;
			sourceTree = "<group>";
		};
		EA3888E321776CEC004E3EA5 /* InfoPlist.strings */ = {
			isa = PBXVariantGroup;
			children = (
				EA3888E221776CEC004E3EA5 /* zh-Hans */,
				EA5C5B642177A6A600383501 /* en */,
			);
			name = InfoPlist.strings;
			sourceTree = "<group>";
		};
		EA3888EB21778ED8004E3EA5 /* Localizable.strings */ = {
			isa = PBXVariantGroup;
			children = (
				EA3888EA21778ED8004E3EA5 /* zh-Hans */,
			);
			name = Localizable.strings;
			sourceTree = "<group>";
		};
/* End PBXVariantGroup section */

/* Begin XCBuildConfiguration section */
		EA31080221706C8E003823AE /* Debug */ = {
			isa = XCBuildConfiguration;
			buildSettings = {
				ALWAYS_SEARCH_USER_PATHS = NO;
				CLANG_ANALYZER_LOCALIZABILITY_NONLOCALIZED = YES;
				CLANG_ANALYZER_NONNULL = YES;
				CLANG_ANALYZER_NUMBER_OBJECT_CONVERSION = YES_AGGRESSIVE;
				CLANG_CXX_LANGUAGE_STANDARD = "gnu++14";
				CLANG_CXX_LIBRARY = "libc++";
				CLANG_ENABLE_MODULES = YES;
				CLANG_ENABLE_OBJC_ARC = YES;
				CLANG_ENABLE_OBJC_WEAK = YES;
				CLANG_WARN_BLOCK_CAPTURE_AUTORELEASING = YES;
				CLANG_WARN_BOOL_CONVERSION = YES;
				CLANG_WARN_COMMA = YES;
				CLANG_WARN_CONSTANT_CONVERSION = YES;
				CLANG_WARN_DEPRECATED_OBJC_IMPLEMENTATIONS = YES;
				CLANG_WARN_DIRECT_OBJC_ISA_USAGE = YES_ERROR;
				CLANG_WARN_DOCUMENTATION_COMMENTS = YES;
				CLANG_WARN_EMPTY_BODY = YES;
				CLANG_WARN_ENUM_CONVERSION = YES;
				CLANG_WARN_INFINITE_RECURSION = YES;
				CLANG_WARN_INT_CONVERSION = YES;
				CLANG_WARN_NON_LITERAL_NULL_CONVERSION = YES;
				CLANG_WARN_OBJC_IMPLICIT_RETAIN_SELF = YES;
				CLANG_WARN_OBJC_LITERAL_CONVERSION = YES;
				CLANG_WARN_OBJC_ROOT_CLASS = YES_ERROR;
				CLANG_WARN_RANGE_LOOP_ANALYSIS = YES;
				CLANG_WARN_STRICT_PROTOTYPES = YES;
				CLANG_WARN_SUSPICIOUS_MOVE = YES;
				CLANG_WARN_UNGUARDED_AVAILABILITY = YES_AGGRESSIVE;
				CLANG_WARN_UNREACHABLE_CODE = YES;
				CLANG_WARN__DUPLICATE_METHOD_MATCH = YES;
				CODE_SIGN_IDENTITY = "iPhone Developer";
				COPY_PHASE_STRIP = NO;
				DEBUG_INFORMATION_FORMAT = dwarf;
				ENABLE_STRICT_OBJC_MSGSEND = YES;
				ENABLE_TESTABILITY = YES;
				FRAMEWORK_SEARCH_PATHS = "$(SRCROOT)/**";
				GCC_C_LANGUAGE_STANDARD = gnu11;
				GCC_DYNAMIC_NO_PIC = NO;
				GCC_NO_COMMON_BLOCKS = YES;
				GCC_OPTIMIZATION_LEVEL = 0;
				GCC_PREPROCESSOR_DEFINITIONS = (
					"DEBUG=1",
					"$(inherited)",
				);
				GCC_WARN_64_TO_32_BIT_CONVERSION = YES;
				GCC_WARN_ABOUT_RETURN_TYPE = YES_ERROR;
				GCC_WARN_UNDECLARED_SELECTOR = YES;
				GCC_WARN_UNINITIALIZED_AUTOS = YES_AGGRESSIVE;
				GCC_WARN_UNUSED_FUNCTION = YES;
				GCC_WARN_UNUSED_VARIABLE = YES;
				IPHONEOS_DEPLOYMENT_TARGET = 10.3;
				MTL_ENABLE_DEBUG_INFO = INCLUDE_SOURCE;
				MTL_FAST_MATH = YES;
				ONLY_ACTIVE_ARCH = YES;
				SDKROOT = iphoneos;
				SWIFT_ACTIVE_COMPILATION_CONDITIONS = DEBUG;
				SWIFT_OPTIMIZATION_LEVEL = "-Onone";
			};
			name = Debug;
		};
		EA31080321706C8E003823AE /* Release */ = {
			isa = XCBuildConfiguration;
			buildSettings = {
				ALWAYS_SEARCH_USER_PATHS = NO;
				CLANG_ANALYZER_LOCALIZABILITY_NONLOCALIZED = YES;
				CLANG_ANALYZER_NONNULL = YES;
				CLANG_ANALYZER_NUMBER_OBJECT_CONVERSION = YES_AGGRESSIVE;
				CLANG_CXX_LANGUAGE_STANDARD = "gnu++14";
				CLANG_CXX_LIBRARY = "libc++";
				CLANG_ENABLE_MODULES = YES;
				CLANG_ENABLE_OBJC_ARC = YES;
				CLANG_ENABLE_OBJC_WEAK = YES;
				CLANG_WARN_BLOCK_CAPTURE_AUTORELEASING = YES;
				CLANG_WARN_BOOL_CONVERSION = YES;
				CLANG_WARN_COMMA = YES;
				CLANG_WARN_CONSTANT_CONVERSION = YES;
				CLANG_WARN_DEPRECATED_OBJC_IMPLEMENTATIONS = YES;
				CLANG_WARN_DIRECT_OBJC_ISA_USAGE = YES_ERROR;
				CLANG_WARN_DOCUMENTATION_COMMENTS = YES;
				CLANG_WARN_EMPTY_BODY = YES;
				CLANG_WARN_ENUM_CONVERSION = YES;
				CLANG_WARN_INFINITE_RECURSION = YES;
				CLANG_WARN_INT_CONVERSION = YES;
				CLANG_WARN_NON_LITERAL_NULL_CONVERSION = YES;
				CLANG_WARN_OBJC_IMPLICIT_RETAIN_SELF = YES;
				CLANG_WARN_OBJC_LITERAL_CONVERSION = YES;
				CLANG_WARN_OBJC_ROOT_CLASS = YES_ERROR;
				CLANG_WARN_RANGE_LOOP_ANALYSIS = YES;
				CLANG_WARN_STRICT_PROTOTYPES = YES;
				CLANG_WARN_SUSPICIOUS_MOVE = YES;
				CLANG_WARN_UNGUARDED_AVAILABILITY = YES_AGGRESSIVE;
				CLANG_WARN_UNREACHABLE_CODE = YES;
				CLANG_WARN__DUPLICATE_METHOD_MATCH = YES;
				CODE_SIGN_IDENTITY = "iPhone Developer";
				COPY_PHASE_STRIP = NO;
				DEBUG_INFORMATION_FORMAT = "dwarf-with-dsym";
				ENABLE_NS_ASSERTIONS = NO;
				ENABLE_STRICT_OBJC_MSGSEND = YES;
				FRAMEWORK_SEARCH_PATHS = "$(SRCROOT)/**";
				GCC_C_LANGUAGE_STANDARD = gnu11;
				GCC_NO_COMMON_BLOCKS = YES;
				GCC_WARN_64_TO_32_BIT_CONVERSION = YES;
				GCC_WARN_ABOUT_RETURN_TYPE = YES_ERROR;
				GCC_WARN_UNDECLARED_SELECTOR = YES;
				GCC_WARN_UNINITIALIZED_AUTOS = YES_AGGRESSIVE;
				GCC_WARN_UNUSED_FUNCTION = YES;
				GCC_WARN_UNUSED_VARIABLE = YES;
				IPHONEOS_DEPLOYMENT_TARGET = 10.3;
				MTL_ENABLE_DEBUG_INFO = NO;
				MTL_FAST_MATH = YES;
				SDKROOT = iphoneos;
				SWIFT_COMPILATION_MODE = wholemodule;
				SWIFT_OPTIMIZATION_LEVEL = "-O";
				VALIDATE_PRODUCT = YES;
			};
			name = Release;
		};
		EA31080521706C8E003823AE /* Debug */ = {
			isa = XCBuildConfiguration;
			buildSettings = {
				ASSETCATALOG_COMPILER_APPICON_NAME = AppIcon;
				CODE_SIGN_IDENTITY = "iPhone Developer";
				CODE_SIGN_STYLE = Automatic;
				DEPLOYMENT_POSTPROCESSING = YES;
				DEVELOPMENT_TEAM = VMG4L32DAQ;
				FRAMEWORK_SEARCH_PATHS = (
					"$(inherited)",
					"$(SRCROOT)/**",
				);
				GCC_ENABLE_CPP_EXCEPTIONS = NO;
				GCC_ENABLE_OBJC_EXCEPTIONS = NO;
				INFOPLIST_FILE = TapCount/Info.plist;
				LD_RUNPATH_SEARCH_PATHS = (
					"$(inherited)",
					"@executable_path/Frameworks",
				);
				OTHER_CFLAGS = "-fno-exceptions";
				PRODUCT_BUNDLE_IDENTIFIER = com.tonytangzixuan.TapCounter;
				PRODUCT_NAME = "$(TARGET_NAME)";
				PROVISIONING_PROFILE_SPECIFIER = "";
				SWIFT_VERSION = 4.2;
				TARGETED_DEVICE_FAMILY = "1,2";
				VALID_ARCHS = "arm64 arm64e armv7s";
			};
			name = Debug;
		};
		EA31080621706C8E003823AE /* Release */ = {
			isa = XCBuildConfiguration;
			buildSettings = {
				ASSETCATALOG_COMPILER_APPICON_NAME = AppIcon;
				CODE_SIGN_IDENTITY = "iPhone Developer";
				CODE_SIGN_STYLE = Automatic;
				DEPLOYMENT_POSTPROCESSING = YES;
				DEVELOPMENT_TEAM = VMG4L32DAQ;
				FRAMEWORK_SEARCH_PATHS = (
					"$(inherited)",
					"$(SRCROOT)/**",
				);
				GCC_ENABLE_CPP_EXCEPTIONS = NO;
				GCC_ENABLE_OBJC_EXCEPTIONS = NO;
				GCC_GENERATE_DEBUGGING_SYMBOLS = NO;
				INFOPLIST_FILE = TapCount/Info.plist;
				LD_RUNPATH_SEARCH_PATHS = (
					"$(inherited)",
					"@executable_path/Frameworks",
				);
				OTHER_CFLAGS = "-fno-exceptions";
				PRODUCT_BUNDLE_IDENTIFIER = com.tonytangzixuan.TapCounter;
				PRODUCT_NAME = "$(TARGET_NAME)";
				PROVISIONING_PROFILE_SPECIFIER = "";
				SWIFT_VERSION = 4.2;
				TARGETED_DEVICE_FAMILY = "1,2";
				VALID_ARCHS = "arm64 arm64e armv7s";
			};
			name = Release;
		};
/* End XCBuildConfiguration section */

/* Begin XCConfigurationList section */
		EA3107ED21706C8B003823AE /* Build configuration list for PBXProject "TapCount" */ = {
			isa = XCConfigurationList;
			buildConfigurations = (
				EA31080221706C8E003823AE /* Debug */,
				EA31080321706C8E003823AE /* Release */,
			);
			defaultConfigurationIsVisible = 0;
			defaultConfigurationName = Release;
		};
		EA31080421706C8E003823AE /* Build configuration list for PBXNativeTarget "TapCount" */ = {
			isa = XCConfigurationList;
			buildConfigurations = (
				EA31080521706C8E003823AE /* Debug */,
				EA31080621706C8E003823AE /* Release */,
			);
			defaultConfigurationIsVisible = 0;
			defaultConfigurationName = Release;
		};
/* End XCConfigurationList section */

/* Begin XCVersionGroup section */
		EA2F708B2173993200F06966 /* History.xcdatamodeld */ = {
			isa = XCVersionGroup;
			children = (
				EA2F708C2173993200F06966 /* History.xcdatamodel */,
			);
			currentVersion = EA2F708C2173993200F06966 /* History.xcdatamodel */;
			path = History.xcdatamodeld;
			sourceTree = "<group>";
			versionGroupType = wrapper.xcdatamodel;
		};
/* End XCVersionGroup section */
	};
	rootObject = EA3107EA21706C8B003823AE /* Project object */;
}
